# THIS IS AN AUTOGENERATED FILE. DO NOT EDIT THIS FILE DIRECTLY.
# yarn lockfile v1


run-script-os@1.0.3:
  version "1.0.3"
  resolved "https://registry.yarnpkg.com/run-script-os/-/run-script-os-1.0.3.tgz#e153737786b86321301b75d22665d5ef85f4be9a"
  integrity sha512-CRZRyBfQBh+kHq32rZ6A6zxq6Hx3LzgwgcJ8crozey4Va4IMGsTo+agfmlx3/q2As7egn+Jo9w2T6P0//BJg3A==
